
Microsoft Visual Studio Solution File, Format Version 12.00
# Visual Studio Version 17
VisualStudioVersion = 17.13.35919.96
MinimumVisualStudioVersion = 10.0.40219.1
Project("{FAE04EC0-301F-11D3-BF4B-00C04F79EFBC}") = "backend-template-net-core", "backend-template-net-core\backend-template-net-core.csproj", "{9D2A1AA1-7383-46F9-A094-2700CAB458CD}"
EndProject
Project("{2150E333-8FDC-42A3-9474-1A3956D46DE8}") = "src", "src", "{02EA681E-C7D8-13C7-8484-4AC65E1B71E8}"
EndProject
Project("{2150E333-8FDC-42A3-9474-1A3956D46DE8}") = "shared", "shared", "{6B7008E6-E01C-45D5-9B7A-286B5567866B}"
EndProject
Project("{2150E333-8FDC-42A3-9474-1A3956D46DE8}") = "modules", "modules", "{8BFBA9BB-ECCA-4EDA-9BAE-159168AFD1D7}"
EndProject
Project("{2150E333-8FDC-42A3-9474-1A3956D46DE8}") = "documents", "documents", "{346E8196-7AF4-4032-B5DA-892BAAD19504}"
EndProject
Project("{2150E333-8FDC-42A3-9474-1A3956D46DE8}") = "email", "email", "{A8B61001-730B-47B4-9E4A-4D3CBBAB1AE6}"
EndProject
Project("{2150E333-8FDC-42A3-9474-1A3956D46DE8}") = "http-client", "http-client", "{A913675D-3DD5-46A0-B336-9171664D5F9F}"
EndProject
Project("{2150E333-8FDC-42A3-9474-1A3956D46DE8}") = "insurance", "insurance", "{80888785-A8DC-470B-BC97-9E480F723978}"
EndProject
Project("{2150E333-8FDC-42A3-9474-1A3956D46DE8}") = "location", "location", "{215D9580-24B4-4120-9073-AFAB60F8EA67}"
EndProject
Project("{2150E333-8FDC-42A3-9474-1A3956D46DE8}") = "profile", "profile", "{6DB2985A-3F6A-49B7-ACCB-C7B71AB48594}"
EndProject
Project("{2150E333-8FDC-42A3-9474-1A3956D46DE8}") = "storage-handler", "storage-handler", "{AF6C79F4-10AB-4310-8CE8-9DD6C9367193}"
EndProject
Project("{2150E333-8FDC-42A3-9474-1A3956D46DE8}") = "auth", "auth", "{8D6813A7-D1F2-47DE-8E66-24CB4980A934}"
EndProject
Project("{FAE04EC0-301F-11D3-BF4B-00C04F79EFBC}") = "Auth.Domain", "Auth.Domain\Auth.Domain.csproj", "{AE746FE8-9962-471F-964E-6607B34EC8D9}"
EndProject
Project("{FAE04EC0-301F-11D3-BF4B-00C04F79EFBC}") = "Auth.Application", "Auth.Application\Auth.Application.csproj", "{BE4101E7-A2D0-4DBF-A904-B4FD2E442EC5}"
EndProject
Project("{FAE04EC0-301F-11D3-BF4B-00C04F79EFBC}") = "Auth.Infrastructure", "Auth.Infrastructure\Auth.Infrastructure.csproj", "{BBF01A0F-CA42-43B4-A531-4CF7311E098F}"
EndProject
Project("{FAE04EC0-301F-11D3-BF4B-00C04F79EFBC}") = "Documents.Domain", "Documents.Domain\Documents.Domain.csproj", "{95A5CB33-1634-407B-A21F-B8F0C40D3773}"
EndProject
Project("{FAE04EC0-301F-11D3-BF4B-00C04F79EFBC}") = "Documents.Application", "Documents.Application\Documents.Application.csproj", "{75DFDF02-FB13-40FC-B358-BB82642720C4}"
EndProject
Project("{FAE04EC0-301F-11D3-BF4B-00C04F79EFBC}") = "Documents.Infrastructure", "Documents.Infrastructure\Documents.Infrastructure.csproj", "{8F1DF169-57F0-44BE-B344-E1091AAB4DF9}"
EndProject
Project("{FAE04EC0-301F-11D3-BF4B-00C04F79EFBC}") = "Email.Domain", "Email.Domain\Email.Domain.csproj", "{087FDA80-AC18-4067-9B49-7449A77B460C}"
EndProject
Project("{FAE04EC0-301F-11D3-BF4B-00C04F79EFBC}") = "Email.Application", "Email.Application\Email.Application.csproj", "{8234DAD9-C789-47ED-9F01-35A7190C27E8}"
EndProject
Project("{FAE04EC0-301F-11D3-BF4B-00C04F79EFBC}") = "Email.Infrastructure", "Email.Infrastructure\Email.Infrastructure.csproj", "{AA6B661F-0D0A-4A4B-8DD5-FBDE49477212}"
EndProject
Project("{FAE04EC0-301F-11D3-BF4B-00C04F79EFBC}") = "HttpClient.Domain", "HttpClient.Domain\HttpClient.Domain.csproj", "{C61404DB-C801-4EE1-9ECC-493A70E4E97F}"
EndProject
Project("{FAE04EC0-301F-11D3-BF4B-00C04F79EFBC}") = "HttpClient.Application", "HttpClient.Application\HttpClient.Application.csproj", "{70ABF929-E1C9-4857-B794-A6C95BB7AEE0}"
EndProject
Project("{FAE04EC0-301F-11D3-BF4B-00C04F79EFBC}") = "HttpClient.Infrastructure", "HttpClient.Infrastructure\HttpClient.Infrastructure.csproj", "{D975AE6C-70CA-40A1-8F1D-0ADF42965616}"
EndProject
Project("{FAE04EC0-301F-11D3-BF4B-00C04F79EFBC}") = "Insurance.Domain", "Insurance.Domain\Insurance.Domain.csproj", "{5ED33637-5F54-4147-9251-C3AB3FD3854D}"
EndProject
Project("{FAE04EC0-301F-11D3-BF4B-00C04F79EFBC}") = "Insurance.Application", "Insurance.Application\Insurance.Application.csproj", "{884BFBBB-F556-42A4-A470-FA34C4790332}"
EndProject
Project("{FAE04EC0-301F-11D3-BF4B-00C04F79EFBC}") = "Insurance.Infrastructure", "Insurance.Infrastructure\Insurance.Infrastructure.csproj", "{FEA4E70E-C034-4ADF-BC67-01275A3B43FA}"
EndProject
Project("{FAE04EC0-301F-11D3-BF4B-00C04F79EFBC}") = "Location.Domain", "Location.Domain\Location.Domain.csproj", "{F2EB17D3-2990-4FED-A093-4D97781A98A8}"
EndProject
Project("{FAE04EC0-301F-11D3-BF4B-00C04F79EFBC}") = "Location.Application", "Location.Application\Location.Application.csproj", "{2D1D327A-F07C-49DE-85C3-57ADBA5A7297}"
EndProject
Project("{FAE04EC0-301F-11D3-BF4B-00C04F79EFBC}") = "Location.Infrastructure", "Location.Infrastructure\Location.Infrastructure.csproj", "{A143EFB7-8323-4E3F-8450-00E89F45D97C}"
EndProject
Project("{FAE04EC0-301F-11D3-BF4B-00C04F79EFBC}") = "Profile.Domain", "Profile.Domain\Profile.Domain.csproj", "{F3670F61-DE21-40D1-92C1-4137EBA93511}"
EndProject
Project("{FAE04EC0-301F-11D3-BF4B-00C04F79EFBC}") = "Profile.Application", "Profile.Application\Profile.Application.csproj", "{37707ECE-0DF4-4041-9C6D-88A2E58EF085}"
EndProject
Project("{FAE04EC0-301F-11D3-BF4B-00C04F79EFBC}") = "Profile.Infrastructure", "Profile.Infrastructure\Profile.Infrastructure.csproj", "{97E38D8F-3799-4469-9F32-7F4846F063F3}"
EndProject
Project("{FAE04EC0-301F-11D3-BF4B-00C04F79EFBC}") = "Shared.Domain", "Shared.Domain\Shared.Domain.csproj", "{57C4AEE4-4660-4572-BB1A-E03269DDAD51}"
EndProject
Project("{FAE04EC0-301F-11D3-BF4B-00C04F79EFBC}") = "Shared.Infrastructure", "Shared.Infrastructure\Shared.Infrastructure.csproj", "{5621F6E4-C389-4CCD-A28E-ED1138E2DFA1}"
EndProject
Global
	GlobalSection(SolutionConfigurationPlatforms) = preSolution
		Debug|Any CPU = Debug|Any CPU
		Release|Any CPU = Release|Any CPU
	EndGlobalSection
	GlobalSection(ProjectConfigurationPlatforms) = postSolution
		{9D2A1AA1-7383-46F9-A094-2700CAB458CD}.Debug|Any CPU.ActiveCfg = Debug|Any CPU
		{9D2A1AA1-7383-46F9-A094-2700CAB458CD}.Debug|Any CPU.Build.0 = Debug|Any CPU
		{9D2A1AA1-7383-46F9-A094-2700CAB458CD}.Release|Any CPU.ActiveCfg = Release|Any CPU
		{9D2A1AA1-7383-46F9-A094-2700CAB458CD}.Release|Any CPU.Build.0 = Release|Any CPU
		{AE746FE8-9962-471F-964E-6607B34EC8D9}.Debug|Any CPU.ActiveCfg = Debug|Any CPU
		{AE746FE8-9962-471F-964E-6607B34EC8D9}.Debug|Any CPU.Build.0 = Debug|Any CPU
		{AE746FE8-9962-471F-964E-6607B34EC8D9}.Release|Any CPU.ActiveCfg = Release|Any CPU
		{AE746FE8-9962-471F-964E-6607B34EC8D9}.Release|Any CPU.Build.0 = Release|Any CPU
		{BE4101E7-A2D0-4DBF-A904-B4FD2E442EC5}.Debug|Any CPU.ActiveCfg = Debug|Any CPU
		{BE4101E7-A2D0-4DBF-A904-B4FD2E442EC5}.Debug|Any CPU.Build.0 = Debug|Any CPU
		{BE4101E7-A2D0-4DBF-A904-B4FD2E442EC5}.Release|Any CPU.ActiveCfg = Release|Any CPU
		{BE4101E7-A2D0-4DBF-A904-B4FD2E442EC5}.Release|Any CPU.Build.0 = Release|Any CPU
		{BBF01A0F-CA42-43B4-A531-4CF7311E098F}.Debug|Any CPU.ActiveCfg = Debug|Any CPU
		{BBF01A0F-CA42-43B4-A531-4CF7311E098F}.Debug|Any CPU.Build.0 = Debug|Any CPU
		{BBF01A0F-CA42-43B4-A531-4CF7311E098F}.Release|Any CPU.ActiveCfg = Release|Any CPU
		{BBF01A0F-CA42-43B4-A531-4CF7311E098F}.Release|Any CPU.Build.0 = Release|Any CPU
		{95A5CB33-1634-407B-A21F-B8F0C40D3773}.Debug|Any CPU.ActiveCfg = Debug|Any CPU
		{95A5CB33-1634-407B-A21F-B8F0C40D3773}.Debug|Any CPU.Build.0 = Debug|Any CPU
		{95A5CB33-1634-407B-A21F-B8F0C40D3773}.Release|Any CPU.ActiveCfg = Release|Any CPU
		{95A5CB33-1634-407B-A21F-B8F0C40D3773}.Release|Any CPU.Build.0 = Release|Any CPU
		{75DFDF02-FB13-40FC-B358-BB82642720C4}.Debug|Any CPU.ActiveCfg = Debug|Any CPU
		{75DFDF02-FB13-40FC-B358-BB82642720C4}.Debug|Any CPU.Build.0 = Debug|Any CPU
		{75DFDF02-FB13-40FC-B358-BB82642720C4}.Release|Any CPU.ActiveCfg = Release|Any CPU
		{75DFDF02-FB13-40FC-B358-BB82642720C4}.Release|Any CPU.Build.0 = Release|Any CPU
		{8F1DF169-57F0-44BE-B344-E1091AAB4DF9}.Debug|Any CPU.ActiveCfg = Debug|Any CPU
		{8F1DF169-57F0-44BE-B344-E1091AAB4DF9}.Debug|Any CPU.Build.0 = Debug|Any CPU
		{8F1DF169-57F0-44BE-B344-E1091AAB4DF9}.Release|Any CPU.ActiveCfg = Release|Any CPU
		{8F1DF169-57F0-44BE-B344-E1091AAB4DF9}.Release|Any CPU.Build.0 = Release|Any CPU
		{087FDA80-AC18-4067-9B49-7449A77B460C}.Debug|Any CPU.ActiveCfg = Debug|Any CPU
		{087FDA80-AC18-4067-9B49-7449A77B460C}.Debug|Any CPU.Build.0 = Debug|Any CPU
		{087FDA80-AC18-4067-9B49-7449A77B460C}.Release|Any CPU.ActiveCfg = Release|Any CPU
		{087FDA80-AC18-4067-9B49-7449A77B460C}.Release|Any CPU.Build.0 = Release|Any CPU
		{8234DAD9-C789-47ED-9F01-35A7190C27E8}.Debug|Any CPU.ActiveCfg = Debug|Any CPU
		{8234DAD9-C789-47ED-9F01-35A7190C27E8}.Debug|Any CPU.Build.0 = Debug|Any CPU
		{8234DAD9-C789-47ED-9F01-35A7190C27E8}.Release|Any CPU.ActiveCfg = Release|Any CPU
		{8234DAD9-C789-47ED-9F01-35A7190C27E8}.Release|Any CPU.Build.0 = Release|Any CPU
		{AA6B661F-0D0A-4A4B-8DD5-FBDE49477212}.Debug|Any CPU.ActiveCfg = Debug|Any CPU
		{AA6B661F-0D0A-4A4B-8DD5-FBDE49477212}.Debug|Any CPU.Build.0 = Debug|Any CPU
		{AA6B661F-0D0A-4A4B-8DD5-FBDE49477212}.Release|Any CPU.ActiveCfg = Release|Any CPU
		{AA6B661F-0D0A-4A4B-8DD5-FBDE49477212}.Release|Any CPU.Build.0 = Release|Any CPU
		{C61404DB-C801-4EE1-9ECC-493A70E4E97F}.Debug|Any CPU.ActiveCfg = Debug|Any CPU
		{C61404DB-C801-4EE1-9ECC-493A70E4E97F}.Debug|Any CPU.Build.0 = Debug|Any CPU
		{C61404DB-C801-4EE1-9ECC-493A70E4E97F}.Release|Any CPU.ActiveCfg = Release|Any CPU
		{C61404DB-C801-4EE1-9ECC-493A70E4E97F}.Release|Any CPU.Build.0 = Release|Any CPU
		{70ABF929-E1C9-4857-B794-A6C95BB7AEE0}.Debug|Any CPU.ActiveCfg = Debug|Any CPU
		{70ABF929-E1C9-4857-B794-A6C95BB7AEE0}.Debug|Any CPU.Build.0 = Debug|Any CPU
		{70ABF929-E1C9-4857-B794-A6C95BB7AEE0}.Release|Any CPU.ActiveCfg = Release|Any CPU
		{70ABF929-E1C9-4857-B794-A6C95BB7AEE0}.Release|Any CPU.Build.0 = Release|Any CPU
		{D975AE6C-70CA-40A1-8F1D-0ADF42965616}.Debug|Any CPU.ActiveCfg = Debug|Any CPU
		{D975AE6C-70CA-40A1-8F1D-0ADF42965616}.Debug|Any CPU.Build.0 = Debug|Any CPU
		{D975AE6C-70CA-40A1-8F1D-0ADF42965616}.Release|Any CPU.ActiveCfg = Release|Any CPU
		{D975AE6C-70CA-40A1-8F1D-0ADF42965616}.Release|Any CPU.Build.0 = Release|Any CPU
		{5ED33637-5F54-4147-9251-C3AB3FD3854D}.Debug|Any CPU.ActiveCfg = Debug|Any CPU
		{5ED33637-5F54-4147-9251-C3AB3FD3854D}.Debug|Any CPU.Build.0 = Debug|Any CPU
		{5ED33637-5F54-4147-9251-C3AB3FD3854D}.Release|Any CPU.ActiveCfg = Release|Any CPU
		{5ED33637-5F54-4147-9251-C3AB3FD3854D}.Release|Any CPU.Build.0 = Release|Any CPU
		{884BFBBB-F556-42A4-A470-FA34C4790332}.Debug|Any CPU.ActiveCfg = Debug|Any CPU
		{884BFBBB-F556-42A4-A470-FA34C4790332}.Debug|Any CPU.Build.0 = Debug|Any CPU
		{884BFBBB-F556-42A4-A470-FA34C4790332}.Release|Any CPU.ActiveCfg = Release|Any CPU
		{884BFBBB-F556-42A4-A470-FA34C4790332}.Release|Any CPU.Build.0 = Release|Any CPU
		{FEA4E70E-C034-4ADF-BC67-01275A3B43FA}.Debug|Any CPU.ActiveCfg = Debug|Any CPU
		{FEA4E70E-C034-4ADF-BC67-01275A3B43FA}.Debug|Any CPU.Build.0 = Debug|Any CPU
		{FEA4E70E-C034-4ADF-BC67-01275A3B43FA}.Release|Any CPU.ActiveCfg = Release|Any CPU
		{FEA4E70E-C034-4ADF-BC67-01275A3B43FA}.Release|Any CPU.Build.0 = Release|Any CPU
		{F2EB17D3-2990-4FED-A093-4D97781A98A8}.Debug|Any CPU.ActiveCfg = Debug|Any CPU
		{F2EB17D3-2990-4FED-A093-4D97781A98A8}.Debug|Any CPU.Build.0 = Debug|Any CPU
		{F2EB17D3-2990-4FED-A093-4D97781A98A8}.Release|Any CPU.ActiveCfg = Release|Any CPU
		{F2EB17D3-2990-4FED-A093-4D97781A98A8}.Release|Any CPU.Build.0 = Release|Any CPU
		{2D1D327A-F07C-49DE-85C3-57ADBA5A7297}.Debug|Any CPU.ActiveCfg = Debug|Any CPU
		{2D1D327A-F07C-49DE-85C3-57ADBA5A7297}.Debug|Any CPU.Build.0 = Debug|Any CPU
		{2D1D327A-F07C-49DE-85C3-57ADBA5A7297}.Release|Any CPU.ActiveCfg = Release|Any CPU
		{2D1D327A-F07C-49DE-85C3-57ADBA5A7297}.Release|Any CPU.Build.0 = Release|Any CPU
		{A143EFB7-8323-4E3F-8450-00E89F45D97C}.Debug|Any CPU.ActiveCfg = Debug|Any CPU
		{A143EFB7-8323-4E3F-8450-00E89F45D97C}.Debug|Any CPU.Build.0 = Debug|Any CPU
		{A143EFB7-8323-4E3F-8450-00E89F45D97C}.Release|Any CPU.ActiveCfg = Release|Any CPU
		{A143EFB7-8323-4E3F-8450-00E89F45D97C}.Release|Any CPU.Build.0 = Release|Any CPU
		{F3670F61-DE21-40D1-92C1-4137EBA93511}.Debug|Any CPU.ActiveCfg = Debug|Any CPU
		{F3670F61-DE21-40D1-92C1-4137EBA93511}.Debug|Any CPU.Build.0 = Debug|Any CPU
		{F3670F61-DE21-40D1-92C1-4137EBA93511}.Release|Any CPU.ActiveCfg = Release|Any CPU
		{F3670F61-DE21-40D1-92C1-4137EBA93511}.Release|Any CPU.Build.0 = Release|Any CPU
		{37707ECE-0DF4-4041-9C6D-88A2E58EF085}.Debug|Any CPU.ActiveCfg = Debug|Any CPU
		{37707ECE-0DF4-4041-9C6D-88A2E58EF085}.Debug|Any CPU.Build.0 = Debug|Any CPU
		{37707ECE-0DF4-4041-9C6D-88A2E58EF085}.Release|Any CPU.ActiveCfg = Release|Any CPU
		{37707ECE-0DF4-4041-9C6D-88A2E58EF085}.Release|Any CPU.Build.0 = Release|Any CPU
		{97E38D8F-3799-4469-9F32-7F4846F063F3}.Debug|Any CPU.ActiveCfg = Debug|Any CPU
		{97E38D8F-3799-4469-9F32-7F4846F063F3}.Debug|Any CPU.Build.0 = Debug|Any CPU
		{97E38D8F-3799-4469-9F32-7F4846F063F3}.Release|Any CPU.ActiveCfg = Release|Any CPU
		{97E38D8F-3799-4469-9F32-7F4846F063F3}.Release|Any CPU.Build.0 = Release|Any CPU
		{57C4AEE4-4660-4572-BB1A-E03269DDAD51}.Debug|Any CPU.ActiveCfg = Debug|Any CPU
		{57C4AEE4-4660-4572-BB1A-E03269DDAD51}.Debug|Any CPU.Build.0 = Debug|Any CPU
		{57C4AEE4-4660-4572-BB1A-E03269DDAD51}.Release|Any CPU.ActiveCfg = Release|Any CPU
		{57C4AEE4-4660-4572-BB1A-E03269DDAD51}.Release|Any CPU.Build.0 = Release|Any CPU
		{5621F6E4-C389-4CCD-A28E-ED1138E2DFA1}.Debug|Any CPU.ActiveCfg = Debug|Any CPU
		{5621F6E4-C389-4CCD-A28E-ED1138E2DFA1}.Debug|Any CPU.Build.0 = Debug|Any CPU
		{5621F6E4-C389-4CCD-A28E-ED1138E2DFA1}.Release|Any CPU.ActiveCfg = Release|Any CPU
		{5621F6E4-C389-4CCD-A28E-ED1138E2DFA1}.Release|Any CPU.Build.0 = Release|Any CPU
	EndGlobalSection
	GlobalSection(SolutionProperties) = preSolution
		HideSolutionNode = FALSE
	EndGlobalSection
	GlobalSection(NestedProjects) = preSolution
		{8BFBA9BB-ECCA-4EDA-9BAE-159168AFD1D7} = {02EA681E-C7D8-13C7-8484-4AC65E1B71E8}
		{346E8196-7AF4-4032-B5DA-892BAAD19504} = {8BFBA9BB-ECCA-4EDA-9BAE-159168AFD1D7}
		{A8B61001-730B-47B4-9E4A-4D3CBBAB1AE6} = {8BFBA9BB-ECCA-4EDA-9BAE-159168AFD1D7}
		{A913675D-3DD5-46A0-B336-9171664D5F9F} = {8BFBA9BB-ECCA-4EDA-9BAE-159168AFD1D7}
		{80888785-A8DC-470B-BC97-9E480F723978} = {8BFBA9BB-ECCA-4EDA-9BAE-159168AFD1D7}
		{215D9580-24B4-4120-9073-AFAB60F8EA67} = {8BFBA9BB-ECCA-4EDA-9BAE-159168AFD1D7}
		{6DB2985A-3F6A-49B7-ACCB-C7B71AB48594} = {8BFBA9BB-ECCA-4EDA-9BAE-159168AFD1D7}
		{AF6C79F4-10AB-4310-8CE8-9DD6C9367193} = {8BFBA9BB-ECCA-4EDA-9BAE-159168AFD1D7}
		{8D6813A7-D1F2-47DE-8E66-24CB4980A934} = {8BFBA9BB-ECCA-4EDA-9BAE-159168AFD1D7}
		{AE746FE8-9962-471F-964E-6607B34EC8D9} = {8D6813A7-D1F2-47DE-8E66-24CB4980A934}
		{BE4101E7-A2D0-4DBF-A904-B4FD2E442EC5} = {8D6813A7-D1F2-47DE-8E66-24CB4980A934}
		{BBF01A0F-CA42-43B4-A531-4CF7311E098F} = {8D6813A7-D1F2-47DE-8E66-24CB4980A934}
		{95A5CB33-1634-407B-A21F-B8F0C40D3773} = {346E8196-7AF4-4032-B5DA-892BAAD19504}
		{75DFDF02-FB13-40FC-B358-BB82642720C4} = {346E8196-7AF4-4032-B5DA-892BAAD19504}
		{8F1DF169-57F0-44BE-B344-E1091AAB4DF9} = {346E8196-7AF4-4032-B5DA-892BAAD19504}
		{087FDA80-AC18-4067-9B49-7449A77B460C} = {A8B61001-730B-47B4-9E4A-4D3CBBAB1AE6}
		{8234DAD9-C789-47ED-9F01-35A7190C27E8} = {A8B61001-730B-47B4-9E4A-4D3CBBAB1AE6}
		{AA6B661F-0D0A-4A4B-8DD5-FBDE49477212} = {A8B61001-730B-47B4-9E4A-4D3CBBAB1AE6}
		{C61404DB-C801-4EE1-9ECC-493A70E4E97F} = {A913675D-3DD5-46A0-B336-9171664D5F9F}
		{70ABF929-E1C9-4857-B794-A6C95BB7AEE0} = {A913675D-3DD5-46A0-B336-9171664D5F9F}
		{D975AE6C-70CA-40A1-8F1D-0ADF42965616} = {A913675D-3DD5-46A0-B336-9171664D5F9F}
		{5ED33637-5F54-4147-9251-C3AB3FD3854D} = {80888785-A8DC-470B-BC97-9E480F723978}
		{884BFBBB-F556-42A4-A470-FA34C4790332} = {80888785-A8DC-470B-BC97-9E480F723978}
		{FEA4E70E-C034-4ADF-BC67-01275A3B43FA} = {80888785-A8DC-470B-BC97-9E480F723978}
		{F2EB17D3-2990-4FED-A093-4D97781A98A8} = {215D9580-24B4-4120-9073-AFAB60F8EA67}
		{2D1D327A-F07C-49DE-85C3-57ADBA5A7297} = {215D9580-24B4-4120-9073-AFAB60F8EA67}
		{A143EFB7-8323-4E3F-8450-00E89F45D97C} = {215D9580-24B4-4120-9073-AFAB60F8EA67}
		{F3670F61-DE21-40D1-92C1-4137EBA93511} = {6DB2985A-3F6A-49B7-ACCB-C7B71AB48594}
		{37707ECE-0DF4-4041-9C6D-88A2E58EF085} = {6DB2985A-3F6A-49B7-ACCB-C7B71AB48594}
		{97E38D8F-3799-4469-9F32-7F4846F063F3} = {6DB2985A-3F6A-49B7-ACCB-C7B71AB48594}
		{57C4AEE4-4660-4572-BB1A-E03269DDAD51} = {6B7008E6-E01C-45D5-9B7A-286B5567866B}
		{5621F6E4-C389-4CCD-A28E-ED1138E2DFA1} = {6B7008E6-E01C-45D5-9B7A-286B5567866B}
	EndGlobalSection
	GlobalSection(ExtensibilityGlobals) = postSolution
		SolutionGuid = {F2900872-C73C-4FED-9588-B5D409E96B2F}
	EndGlobalSection
EndGlobal
